Microsoft Visual Studio Solution File, Format Version 12.00
# Visual Studio 14
VisualStudioVersion = 14.0.25420.1
MinimumVisualStudioVersion = 10.0.40219.1
Project("{FAE04EC0-301F-11D3-BF4B-00C04F79EFBC}") = "Turn Off LCD", "Turn Off LCD.csproj", "{1BA42512-88A3-4B22-9500-B81404D7461A}"
EndProject
Global
	GlobalSection(SolutionConfigurationPlatforms) = preSolution
		Debug|Any CPU = Debug|Any CPU
		Release|Any CPU = Release|Any CPU
	EndGlobalSection
	GlobalSection(ProjectConfigurationPlatforms) = postSolution
		{1BA42512-88A3-4B22-9500-B81404D7461A}.Debug|Any CPU.ActiveCfg = Debug|Any CPU
		{1BA42512-88A3-4B22-9500-B81404D7461A}.Debug|Any CPU.Build.0 = Debug|Any CPU
		{1BA42512-88A3-4B22-9500-B81404D7461A}.Release|Any CPU.ActiveCfg = Release|Any CPU
		{1BA42512-88A3-4B22-9500-B81404D7461A}.Release|Any CPU.Build.0 = Release|Any CPU
	EndGlobalSection
	GlobalSection(SolutionProperties) = preSolution
		HideSolutionNode = FALSE
	EndGlobalSection
EndGlobal
